
Microsoft Visual Studio Solution File, Format Version 12.00
# Visual Studio Version 16
VisualStudioVersion = 16.0.31129.286
MinimumVisualStudioVersion = 10.0.40219.1
Project("{FAE04EC0-301F-11D3-BF4B-00C04F79EFBC}") = "Ex03.ConsoleUI", "Ex03.ConsoleUI.csproj", "{4612372E-4565-45CA-821E-6892DE062AFA}"
EndProject
Global
	GlobalSection(SolutionConfigurationPlatforms) = preSolution
		Debug|Any CPU = Debug|Any CPU
		Release|Any CPU = Release|Any CPU
	EndGlobalSection
	GlobalSection(ProjectConfigurationPlatforms) = postSolution
		{4612372E-4565-45CA-821E-6892DE062AFA}.Debug|Any CPU.ActiveCfg = Debug|Any CPU
		{4612372E-4565-45CA-821E-6892DE062AFA}.Debug|Any CPU.Build.0 = Debug|Any CPU
		{4612372E-4565-45CA-821E-6892DE062AFA}.Release|Any CPU.ActiveCfg = Release|Any CPU
		{4612372E-4565-45CA-821E-6892DE062AFA}.Release|Any CPU.Build.0 = Release|Any CPU
	EndGlobalSection
	GlobalSection(SolutionProperties) = preSolution
		HideSolutionNode = FALSE
	EndGlobalSection
	GlobalSection(ExtensibilityGlobals) = postSolution
		SolutionGuid = {F033D4E7-8730-43FF-A918-7739F2FF33ED}
	EndGlobalSection
EndGlobal
